
Microsoft Visual Studio Solution File, Format Version 12.00
# Visual Studio Version 17
VisualStudioVersion = 17.0.32112.339
MinimumVisualStudioVersion = 10.0.40219.1
Project("{8BC9CEB8-8B4A-11D0-8D11-00A0C91BC942}") = "OnlineBowling", "OnlineBowling\OnlineBowling.vcxproj", "{ED78C4B0-EBB5-4E5B-9FEB-5F00B3C31171}"
EndProject
Project("{8BC9CEB8-8B4A-11D0-8D11-00A0C91BC942}") = "OnlineBowlingServer", "OnlineBowlingServer\OnlineBowlingServer.vcxproj", "{36463A74-2C10-4FE6-9DA2-847BC0EAC760}"
EndProject
Project("{8BC9CEB8-8B4A-11D0-8D11-00A0C91BC942}") = "OnlineBowlingClient", "OnlineBowlingClient\OnlineBowlingClient.vcxproj", "{7E509404-C07C-4881-8AD0-AEDAB49BA7DC}"
EndProject
Global
	GlobalSection(SolutionConfigurationPlatforms) = preSolution
		Debug|x64 = Debug|x64
		Debug|x86 = Debug|x86
		Release|x64 = Release|x64
		Release|x86 = Release|x86
	EndGlobalSection
	GlobalSection(ProjectConfigurationPlatforms) = postSolution
		{ED78C4B0-EBB5-4E5B-9FEB-5F00B3C31171}.Debug|x64.ActiveCfg = Debug|x64
		{ED78C4B0-EBB5-4E5B-9FEB-5F00B3C31171}.Debug|x64.Build.0 = Debug|x64
		{ED78C4B0-EBB5-4E5B-9FEB-5F00B3C31171}.Debug|x86.ActiveCfg = Debug|Win32
		{ED78C4B0-EBB5-4E5B-9FEB-5F00B3C31171}.Debug|x86.Build.0 = Debug|Win32
		{ED78C4B0-EBB5-4E5B-9FEB-5F00B3C31171}.Release|x64.ActiveCfg = Release|x64
		{ED78C4B0-EBB5-4E5B-9FEB-5F00B3C31171}.Release|x64.Build.0 = Release|x64
		{ED78C4B0-EBB5-4E5B-9FEB-5F00B3C31171}.Release|x86.ActiveCfg = Release|Win32
		{ED78C4B0-EBB5-4E5B-9FEB-5F00B3C31171}.Release|x86.Build.0 = Release|Win32
		{36463A74-2C10-4FE6-9DA2-847BC0EAC760}.Debug|x64.ActiveCfg = Debug|x64
		{36463A74-2C10-4FE6-9DA2-847BC0EAC760}.Debug|x64.Build.0 = Debug|x64
		{36463A74-2C10-4FE6-9DA2-847BC0EAC760}.Debug|x86.ActiveCfg = Debug|Win32
		{36463A74-2C10-4FE6-9DA2-847BC0EAC760}.Debug|x86.Build.0 = Debug|Win32
		{36463A74-2C10-4FE6-9DA2-847BC0EAC760}.Release|x64.ActiveCfg = Release|x64
		{36463A74-2C10-4FE6-9DA2-847BC0EAC760}.Release|x64.Build.0 = Release|x64
		{36463A74-2C10-4FE6-9DA2-847BC0EAC760}.Release|x86.ActiveCfg = Release|Win32
		{36463A74-2C10-4FE6-9DA2-847BC0EAC760}.Release|x86.Build.0 = Release|Win32
		{7E509404-C07C-4881-8AD0-AEDAB49BA7DC}.Debug|x64.ActiveCfg = Debug|x64
		{7E509404-C07C-4881-8AD0-AEDAB49BA7DC}.Debug|x64.Build.0 = Debug|x64
		{7E509404-C07C-4881-8AD0-AEDAB49BA7DC}.Debug|x86.ActiveCfg = Debug|Win32
		{7E509404-C07C-4881-8AD0-AEDAB49BA7DC}.Debug|x86.Build.0 = Debug|Win32
		{7E509404-C07C-4881-8AD0-AEDAB49BA7DC}.Release|x64.ActiveCfg = Release|x64
		{7E509404-C07C-4881-8AD0-AEDAB49BA7DC}.Release|x64.Build.0 = Release|x64
		{7E509404-C07C-4881-8AD0-AEDAB49BA7DC}.Release|x86.ActiveCfg = Release|Win32
		{7E509404-C07C-4881-8AD0-AEDAB49BA7DC}.Release|x86.Build.0 = Release|Win32
	EndGlobalSection
	GlobalSection(SolutionProperties) = preSolution
		HideSolutionNode = FALSE
	EndGlobalSection
	GlobalSection(ExtensibilityGlobals) = postSolution
		SolutionGuid = {E37B769E-4E42-474A-AF65-4CD16A417879}
	EndGlobalSection
EndGlobal
